
Microsoft Visual Studio Solution File, Format Version 12.00
# Visual Studio Version 16
VisualStudioVersion = 16.0.31205.134
MinimumVisualStudioVersion = 10.0.40219.1
Project("{FAE04EC0-301F-11D3-BF4B-00C04F79EFBC}") = "CustomRPCCL", "CustomRPCCL\CustomRPCCL.csproj", "{F5934B1D-88F1-42C8-910B-3E2FE74B8D06}"
EndProject
Project("{FAE04EC0-301F-11D3-BF4B-00C04F79EFBC}") = "CustomRPC", "CustomRPC\CustomRPC.csproj", "{F7819934-450F-4D85-98F7-78DF03243C31}"
EndProject
Global
	GlobalSection(SolutionConfigurationPlatforms) = preSolution
		Debug|Any CPU = Debug|Any CPU
		Release|Any CPU = Release|Any CPU
	EndGlobalSection
	GlobalSection(ProjectConfigurationPlatforms) = postSolution
		{F5934B1D-88F1-42C8-910B-3E2FE74B8D06}.Debug|Any CPU.ActiveCfg = Debug|Any CPU
		{F5934B1D-88F1-42C8-910B-3E2FE74B8D06}.Debug|Any CPU.Build.0 = Debug|Any CPU
		{F5934B1D-88F1-42C8-910B-3E2FE74B8D06}.Release|Any CPU.ActiveCfg = Release|Any CPU
		{F5934B1D-88F1-42C8-910B-3E2FE74B8D06}.Release|Any CPU.Build.0 = Release|Any CPU
		{F7819934-450F-4D85-98F7-78DF03243C31}.Debug|Any CPU.ActiveCfg = Debug|Any CPU
		{F7819934-450F-4D85-98F7-78DF03243C31}.Debug|Any CPU.Build.0 = Debug|Any CPU
		{F7819934-450F-4D85-98F7-78DF03243C31}.Release|Any CPU.ActiveCfg = Release|Any CPU
		{F7819934-450F-4D85-98F7-78DF03243C31}.Release|Any CPU.Build.0 = Release|Any CPU
	EndGlobalSection
	GlobalSection(SolutionProperties) = preSolution
		HideSolutionNode = FALSE
	EndGlobalSection
	GlobalSection(ExtensibilityGlobals) = postSolution
		SolutionGuid = {E03A567F-214A-4292-99FA-27EBF7804301}
	EndGlobalSection
EndGlobal
